// !$*UTF8*$!
{
	archiveVersion = 1;
	classes = {
	};
	objectVersion = 56;
	objects = {

/* Begin PBXBuildFile section */
		2EE5988E2BEF838E00137744 /* AppDelegate.swift in Sources */ = {isa = PBXBuildFile; fileRef = 2EE5988D2BEF838E00137744 /* AppDelegate.swift */; };
		2EE598902BEF838E00137744 /* SceneDelegate.swift in Sources */ = {isa = PBXBuildFile; fileRef = 2EE5988F2BEF838E00137744 /* SceneDelegate.swift */; };
		2EE598922BEF838E00137744 /* ViewController.swift in Sources */ = {isa = PBXBuildFile; fileRef = 2EE598912BEF838E00137744 /* ViewController.swift */; };
		2EE598952BEF838E00137744 /* Main.storyboard in Resources */ = {isa = PBXBuildFile; fileRef = 2EE598932BEF838E00137744 /* Main.storyboard */; };
		2EE598972BEF839100137744 /* Assets.xcassets in Resources */ = {isa = PBXBuildFile; fileRef = 2EE598962BEF839100137744 /* Assets.xcassets */; };
		2EE5989A2BEF839100137744 /* LaunchScreen.storyboard in Resources */ = {isa = PBXBuildFile; fileRef = 2EE598982BEF839100137744 /* LaunchScreen.storyboard */; };
		2EE598A52BEF839200137744 /* ChallengeiOSTests.swift in Sources */ = {isa = PBXBuildFile; fileRef = 2EE598A42BEF839200137744 /* ChallengeiOSTests.swift */; };
		2EE598AF2BEF839200137744 /* ChallengeiOSUITests.swift in Sources */ = {isa = PBXBuildFile; fileRef = 2EE598AE2BEF839200137744 /* ChallengeiOSUITests.swift */; };
		2EE598B12BEF839200137744 /* ChallengeiOSUITestsLaunchTests.swift in Sources */ = {isa = PBXBuildFile; fileRef = 2EE598B02BEF839200137744 /* ChallengeiOSUITestsLaunchTests.swift */; };
/* End PBXBuildFile section */

/* Begin PBXContainerItemProxy section */
		2EE598A12BEF839200137744 /* PBXContainerItemProxy */ = {
			isa = PBXContainerItemProxy;
			containerPortal = 2EE598822BEF838E00137744 /* Project object */;
			proxyType = 1;
			remoteGlobalIDString = 2EE598892BEF838E00137744;
			remoteInfo = ChallengeiOS;
		};
		2EE598AB2BEF839200137744 /* PBXContainerItemProxy */ = {
			isa = PBXContainerItemProxy;
			containerPortal = 2EE598822BEF838E00137744 /* Project object */;
			proxyType = 1;
			remoteGlobalIDString = 2EE598892BEF838E00137744;
			remoteInfo = ChallengeiOS;
		};
/* End PBXContainerItemProxy section */

/* Begin PBXFileReference section */
		2EE5988A2BEF838E00137744 /* ChallengeiOS.app */ = {isa = PBXFileReference; explicitFileType = wrapper.application; includeInIndex = 0; path = ChallengeiOS.app; sourceTree = BUILT_PRODUCTS_DIR; };
		2EE5988D2BEF838E00137744 /* AppDelegate.swift */ = {isa = PBXFileReference; lastKnownFileType = sourcecode.swift; path = AppDelegate.swift; sourceTree = "<group>"; };
		2EE5988F2BEF838E00137744 /* SceneDelegate.swift */ = {isa = PBXFileReference; lastKnownFileType = sourcecode.swift; path = SceneDelegate.swift; sourceTree = "<group>"; };
		2EE598912BEF838E00137744 /* ViewController.swift */ = {isa = PBXFileReference; lastKnownFileType = sourcecode.swift; path = ViewController.swift; sourceTree = "<group>"; };
		2EE598942BEF838E00137744 /* Base */ = {isa = PBXFileReference; lastKnownFileType = file.storyboard; name = Base; path = Base.lproj/Main.storyboard; sourceTree = "<group>"; };
		2EE598962BEF839100137744 /* Assets.xcassets */ = {isa = PBXFileReference; lastKnownFileType = folder.assetcatalog; path = Assets.xcassets; sourceTree = "<group>"; };
		2EE598992BEF839100137744 /* Base */ = {isa = PBXFileReference; lastKnownFileType = file.storyboard; name = Base; path = Base.lproj/LaunchScreen.storyboard; sourceTree = "<group>"; };
		2EE5989B2BEF839100137744 /* Info.plist */ = {isa = PBXFileReference; lastKnownFileType = text.plist.xml; path = Info.plist; sourceTree = "<group>"; };
		2EE598A02BEF839200137744 /* ChallengeiOSTests.xctest */ = {isa = PBXFileReference; explicitFileType = wrapper.cfbundle; includeInIndex = 0; path = ChallengeiOSTests.xctest; sourceTree = BUILT_PRODUCTS_DIR; };
		2EE598A42BEF839200137744 /* ChallengeiOSTests.swift */ = {isa = PBXFileReference; lastKnownFileType = sourcecode.swift; path = ChallengeiOSTests.swift; sourceTree = "<group>"; };
		2EE598AA2BEF839200137744 /* ChallengeiOSUITests.xctest */ = {isa = PBXFileReference; explicitFileType = wrapper.cfbundle; includeInIndex = 0; path = ChallengeiOSUITests.xctest; sourceTree = BUILT_PRODUCTS_DIR; };
		2EE598AE2BEF839200137744 /* ChallengeiOSUITests.swift */ = {isa = PBXFileReference; lastKnownFileType = sourcecode.swift; path = ChallengeiOSUITests.swift; sourceTree = "<group>"; };
		2EE598B02BEF839200137744 /* ChallengeiOSUITestsLaunchTests.swift */ = {isa = PBXFileReference; lastKnownFileType = sourcecode.swift; path = ChallengeiOSUITestsLaunchTests.swift; sourceTree = "<group>"; };
/* End PBXFileReference section */

/* Begin PBXFrameworksBuildPhase section */
		2EE598872BEF838E00137744 /* Frameworks */ = {
			isa = PBXFrameworksBuildPhase;
			buildActionMask = 2147483647;
			files = (
			);
			runOnlyForDeploymentPostprocessing = 0;
		};
		2EE5989D2BEF839200137744 /* Frameworks */ = {
			isa = PBXFrameworksBuildPhase;
			buildActionMask = 2147483647;
			files = (
			);
			runOnlyForDeploymentPostprocessing = 0;
		};
		2EE598A72BEF839200137744 /* Frameworks */ = {
			isa = PBXFrameworksBuildPhase;
			buildActionMask = 2147483647;
			files = (
			);
			runOnlyForDeploymentPostprocessing = 0;
		};
/* End PBXFrameworksBuildPhase section */

/* Begin PBXGroup section */
		2EE598812BEF838E00137744 = {
			isa = PBXGroup;
			children = (
				2EE5988C2BEF838E00137744 /* ChallengeiOS */,
				2EE598A32BEF839200137744 /* ChallengeiOSTests */,
				2EE598AD2BEF839200137744 /* ChallengeiOSUITests */,
				2EE5988B2BEF838E00137744 /* Products */,
			);
			sourceTree = "<group>";
		};
		2EE5988B2BEF838E00137744 /* Products */ = {
			isa = PBXGroup;
			children = (
				2EE5988A2BEF838E00137744 /* ChallengeiOS.app */,
				2EE598A02BEF839200137744 /* ChallengeiOSTests.xctest */,
				2EE598AA2BEF839200137744 /* ChallengeiOSUITests.xctest */,
			);
			name = Products;
			sourceTree = "<group>";
		};
		2EE5988C2BEF838E00137744 /* ChallengeiOS */ = {
			isa = PBXGroup;
			children = (
				2EE5988D2BEF838E00137744 /* AppDelegate.swift */,
				2EE5988F2BEF838E00137744 /* SceneDelegate.swift */,
				2EE598912BEF838E00137744 /* ViewController.swift */,
				2EE598932BEF838E00137744 /* Main.storyboard */,
				2EE598962BEF839100137744 /* Assets.xcassets */,
				2EE598982BEF839100137744 /* LaunchScreen.storyboard */,
				2EE5989B2BEF839100137744 /* Info.plist */,
			);
			path = ChallengeiOS;
			sourceTree = "<group>";
		};
		2EE598A32BEF839200137744 /* ChallengeiOSTests */ = {
			isa = PBXGroup;
			children = (
				2EE598A42BEF839200137744 /* ChallengeiOSTests.swift */,
			);
			path = ChallengeiOSTests;
			sourceTree = "<group>";
		};
		2EE598AD2BEF839200137744 /* ChallengeiOSUITests */ = {
			isa = PBXGroup;
			children = (
				2EE598AE2BEF839200137744 /* ChallengeiOSUITests.swift */,
				2EE598B02BEF839200137744 /* ChallengeiOSUITestsLaunchTests.swift */,
			);
			path = ChallengeiOSUITests;
			sourceTree = "<group>";
		};
/* End PBXGroup section */

/* Begin PBXNativeTarget section */
		2EE598892BEF838E00137744 /* ChallengeiOS */ = {
			isa = PBXNativeTarget;
			buildConfigurationList = 2EE598B42BEF839200137744 /* Build configuration list for PBXNativeTarget "ChallengeiOS" */;
			buildPhases = (
				2EE598862BEF838E00137744 /* Sources */,
				2EE598872BEF838E00137744 /* Frameworks */,
				2EE598882BEF838E00137744 /* Resources */,
			);
			buildRules = (
			);
			dependencies = (
			);
			name = ChallengeiOS;
			productName = ChallengeiOS;
			productReference = 2EE5988A2BEF838E00137744 /* ChallengeiOS.app */;
			productType = "com.apple.product-type.application";
		};
		2EE5989F2BEF839200137744 /* ChallengeiOSTests */ = {
			isa = PBXNativeTarget;
			buildConfigurationList = 2EE598B72BEF839200137744 /* Build configuration list for PBXNativeTarget "ChallengeiOSTests" */;
			buildPhases = (
				2EE5989C2BEF839200137744 /* Sources */,
				2EE5989D2BEF839200137744 /* Frameworks */,
				2EE5989E2BEF839200137744 /* Resources */,
			);
			buildRules = (
			);
			dependencies = (
				2EE598A22BEF839200137744 /* PBXTargetDependency */,
			);
			name = ChallengeiOSTests;
			productName = ChallengeiOSTests;
			productReference = 2EE598A02BEF839200137744 /* ChallengeiOSTests.xctest */;
			productType = "com.apple.product-type.bundle.unit-test";
		};
		2EE598A92BEF839200137744 /* ChallengeiOSUITests */ = {
			isa = PBXNativeTarget;
			buildConfigurationList = 2EE598BA2BEF839200137744 /* Build configuration list for PBXNativeTarget "ChallengeiOSUITests" */;
			buildPhases = (
				2EE598A62BEF839200137744 /* Sources */,
				2EE598A72BEF839200137744 /* Frameworks */,
				2EE598A82BEF839200137744 /* Resources */,
			);
			buildRules = (
			);
			dependencies = (
				2EE598AC2BEF839200137744 /* PBXTargetDependency */,
			);
			name = ChallengeiOSUITests;
			productName = ChallengeiOSUITests;
			productReference = 2EE598AA2BEF839200137744 /* ChallengeiOSUITests.xctest */;
			productType = "com.apple.product-type.bundle.ui-testing";
		};
/* End PBXNativeTarget section */

/* Begin PBXProject section */
		2EE598822BEF838E00137744 /* Project object */ = {
			isa = PBXProject;
			attributes = {
				BuildIndependentTargetsInParallel = 1;
				LastSwiftUpdateCheck = 1520;
				LastUpgradeCheck = 1520;
				TargetAttributes = {
					2EE598892BEF838E00137744 = {
						CreatedOnToolsVersion = 15.2;
					};
					2EE5989F2BEF839200137744 = {
						CreatedOnToolsVersion = 15.2;
						TestTargetID = 2EE598892BEF838E00137744;
					};
					2EE598A92BEF839200137744 = {
						CreatedOnToolsVersion = 15.2;
						TestTargetID = 2EE598892BEF838E00137744;
					};
				};
			};
			buildConfigurationList = 2EE598852BEF838E00137744 /* Build configuration list for PBXProject "ChallengeiOS" */;
			compatibilityVersion = "Xcode 14.0";
			developmentRegion = en;
			hasScannedForEncodings = 0;
			knownRegions = (
				en,
				Base,
			);
			mainGroup = 2EE598812BEF838E00137744;
			productRefGroup = 2EE5988B2BEF838E00137744 /* Products */;
			projectDirPath = "";
			projectRoot = "";
			targets = (
				2EE598892BEF838E00137744 /* ChallengeiOS */,
				2EE5989F2BEF839200137744 /* ChallengeiOSTests */,
				2EE598A92BEF839200137744 /* ChallengeiOSUITests */,
			);
		};
/* End PBXProject section */

/* Begin PBXResourcesBuildPhase section */
		2EE598882BEF838E00137744 /* Resources */ = {
			isa = PBXResourcesBuildPhase;
			buildActionMask = 2147483647;
			files = (
				2EE5989A2BEF839100137744 /* LaunchScreen.storyboard in Resources */,
				2EE598972BEF839100137744 /* Assets.xcassets in Resources */,
				2EE598952BEF838E00137744 /* Main.storyboard in Resources */,
			);
			runOnlyForDeploymentPostprocessing = 0;
		};
		2EE5989E2BEF839200137744 /* Resources */ = {
			isa = PBXResourcesBuildPhase;
			buildActionMask = 2147483647;
			files = (
			);
			runOnlyForDeploymentPostprocessing = 0;
		};
		2EE598A82BEF839200137744 /* Resources */ = {
			isa = PBXResourcesBuildPhase;
			buildActionMask = 2147483647;
			files = (
			);
			runOnlyForDeploymentPostprocessing = 0;
		};
/* End PBXResourcesBuildPhase section */

/* Begin PBXSourcesBuildPhase section */
		2EE598862BEF838E00137744 /* Sources */ = {
			isa = PBXSourcesBuildPhase;
			buildActionMask = 2147483647;
			files = (
				2EE598922BEF838E00137744 /* ViewController.swift in Sources */,
				2EE5988E2BEF838E00137744 /* AppDelegate.swift in Sources */,
				2EE598902BEF838E00137744 /* SceneDelegate.swift in Sources */,
			);
			runOnlyForDeploymentPostprocessing = 0;
		};
		2EE5989C2BEF839200137744 /* Sources */ = {
			isa = PBXSourcesBuildPhase;
			buildActionMask = 2147483647;
			files = (
				2EE598A52BEF839200137744 /* ChallengeiOSTests.swift in Sources */,
			);
			runOnlyForDeploymentPostprocessing = 0;
		};
		2EE598A62BEF839200137744 /* Sources */ = {
			isa = PBXSourcesBuildPhase;
			buildActionMask = 2147483647;
			files = (
				2EE598B12BEF839200137744 /* ChallengeiOSUITestsLaunchTests.swift in Sources */,
				2EE598AF2BEF839200137744 /* ChallengeiOSUITests.swift in Sources */,
			);
			runOnlyForDeploymentPostprocessing = 0;
		};
/* End PBXSourcesBuildPhase section */

/* Begin PBXTargetDependency section */
		2EE598A22BEF839200137744 /* PBXTargetDependency */ = {
			isa = PBXTargetDependency;
			target = 2EE598892BEF838E00137744 /* ChallengeiOS */;
			targetProxy = 2EE598A12BEF839200137744 /* PBXContainerItemProxy */;
		};
		2EE598AC2BEF839200137744 /* PBXTargetDependency */ = {
			isa = PBXTargetDependency;
			target = 2EE598892BEF838E00137744 /* ChallengeiOS */;
			targetProxy = 2EE598AB2BEF839200137744 /* PBXContainerItemProxy */;
		};
/* End PBXTargetDependency section */

/* Begin PBXVariantGroup section */
		2EE598932BEF838E00137744 /* Main.storyboard */ = {
			isa = PBXVariantGroup;
			children = (
				2EE598942BEF838E00137744 /* Base */,
			);
			name = Main.storyboard;
			sourceTree = "<group>";
		};
		2EE598982BEF839100137744 /* LaunchScreen.storyboard */ = {
			isa = PBXVariantGroup;
			children = (
				2EE598992BEF839100137744 /* Base */,
			);
			name = LaunchScreen.storyboard;
			sourceTree = "<group>";
		};
/* End PBXVariantGroup section */

/* Begin XCBuildConfiguration section */
		2EE598B22BEF839200137744 /* Debug */ = {
			isa = XCBuildConfiguration;
			buildSettings = {
				ALWAYS_SEARCH_USER_PATHS = NO;
				ASSETCATALOG_COMPILER_GENERATE_SWIFT_ASSET_SYMBOL_EXTENSIONS = YES;
				CLANG_ANALYZER_NONNULL = YES;
				CLANG_ANALYZER_NUMBER_OBJECT_CONVERSION = YES_AGGRESSIVE;
				CLANG_CXX_LANGUAGE_STANDARD = "gnu++20";
				CLANG_ENABLE_MODULES = YES;
				CLANG_ENABLE_OBJC_ARC = YES;
				CLANG_ENABLE_OBJC_WEAK = YES;
				CLANG_WARN_BLOCK_CAPTURE_AUTORELEASING = YES;
				CLANG_WARN_BOOL_CONVERSION = YES;
				CLANG_WARN_COMMA = YES;
				CLANG_WARN_CONSTANT_CONVERSION = YES;
				CLANG_WARN_DEPRECATED_OBJC_IMPLEMENTATIONS = YES;
				CLANG_WARN_DIRECT_OBJC_ISA_USAGE = YES_ERROR;
				CLANG_WARN_DOCUMENTATION_COMMENTS = YES;
				CLANG_WARN_EMPTY_BODY = YES;
				CLANG_WARN_ENUM_CONVERSION = YES;
				CLANG_WARN_INFINITE_RECURSION = YES;
				CLANG_WARN_INT_CONVERSION = YES;
				CLANG_WARN_NON_LITERAL_NULL_CONVERSION = YES;
				CLANG_WARN_OBJC_IMPLICIT_RETAIN_SELF = YES;
				CLANG_WARN_OBJC_LITERAL_CONVERSION = YES;
				CLANG_WARN_OBJC_ROOT_CLASS = YES_ERROR;
				CLANG_WARN_QUOTED_INCLUDE_IN_FRAMEWORK_HEADER = YES;
				CLANG_WARN_RANGE_LOOP_ANALYSIS = YES;
				CLANG_WARN_STRICT_PROTOTYPES = YES;
				CLANG_WARN_SUSPICIOUS_MOVE = YES;
				CLANG_WARN_UNGUARDED_AVAILABILITY = YES_AGGRESSIVE;
				CLANG_WARN_UNREACHABLE_CODE = YES;
				CLANG_WARN__DUPLICATE_METHOD_MATCH = YES;
				COPY_PHASE_STRIP = NO;
				DEBUG_INFORMATION_FORMAT = dwarf;
				ENABLE_STRICT_OBJC_MSGSEND = YES;
				ENABLE_TESTABILITY = YES;
				ENABLE_USER_SCRIPT_SANDBOXING = YES;
				GCC_C_LANGUAGE_STANDARD = gnu17;
				GCC_DYNAMIC_NO_PIC = NO;
				GCC_NO_COMMON_BLOCKS = YES;
				GCC_OPTIMIZATION_LEVEL = 0;
				GCC_PREPROCESSOR_DEFINITIONS = (
					"DEBUG=1",
					"$(inherited)",
				);
				GCC_WARN_64_TO_32_BIT_CONVERSION = YES;
				GCC_WARN_ABOUT_RETURN_TYPE = YES_ERROR;
				GCC_WARN_UNDECLARED_SELECTOR = YES;
				GCC_WARN_UNINITIALIZED_AUTOS = YES_AGGRESSIVE;
				GCC_WARN_UNUSED_FUNCTION = YES;
				GCC_WARN_UNUSED_VARIABLE = YES;
				IPHONEOS_DEPLOYMENT_TARGET = 17.2;
				LOCALIZATION_PREFERS_STRING_CATALOGS = YES;
				MTL_ENABLE_DEBUG_INFO = INCLUDE_SOURCE;
				MTL_FAST_MATH = YES;
				ONLY_ACTIVE_ARCH = YES;
				SDKROOT = iphoneos;
				SWIFT_ACTIVE_COMPILATION_CONDITIONS = "DEBUG $(inherited)";
				SWIFT_OPTIMIZATION_LEVEL = "-Onone";
			};
			name = Debug;
		};
		2EE598B32BEF839200137744 /* Release */ = {
			isa = XCBuildConfiguration;
			buildSettings = {
				ALWAYS_SEARCH_USER_PATHS = NO;
				ASSETCATALOG_COMPILER_GENERATE_SWIFT_ASSET_SYMBOL_EXTENSIONS = YES;
				CLANG_ANALYZER_NONNULL = YES;
				CLANG_ANALYZER_NUMBER_OBJECT_CONVERSION = YES_AGGRESSIVE;
				CLANG_CXX_LANGUAGE_STANDARD = "gnu++20";
				CLANG_ENABLE_MODULES = YES;
				CLANG_ENABLE_OBJC_ARC = YES;
				CLANG_ENABLE_OBJC_WEAK = YES;
				CLANG_WARN_BLOCK_CAPTURE_AUTORELEASING = YES;
				CLANG_WARN_BOOL_CONVERSION = YES;
				CLANG_WARN_COMMA = YES;
				CLANG_WARN_CONSTANT_CONVERSION = YES;
				CLANG_WARN_DEPRECATED_OBJC_IMPLEMENTATIONS = YES;
				CLANG_WARN_DIRECT_OBJC_ISA_USAGE = YES_ERROR;
				CLANG_WARN_DOCUMENTATION_COMMENTS = YES;
				CLANG_WARN_EMPTY_BODY = YES;
				CLANG_WARN_ENUM_CONVERSION = YES;
				CLANG_WARN_INFINITE_RECURSION = YES;
				CLANG_WARN_INT_CONVERSION = YES;
				CLANG_WARN_NON_LITERAL_NULL_CONVERSION = YES;
				CLANG_WARN_OBJC_IMPLICIT_RETAIN_SELF = YES;
				CLANG_WARN_OBJC_LITERAL_CONVERSION = YES;
				CLANG_WARN_OBJC_ROOT_CLASS = YES_ERROR;
				CLANG_WARN_QUOTED_INCLUDE_IN_FRAMEWORK_HEADER = YES;
				CLANG_WARN_RANGE_LOOP_ANALYSIS = YES;
				CLANG_WARN_STRICT_PROTOTYPES = YES;
				CLANG_WARN_SUSPICIOUS_MOVE = YES;
				CLANG_WARN_UNGUARDED_AVAILABILITY = YES_AGGRESSIVE;
				CLANG_WARN_UNREACHABLE_CODE = YES;
				CLANG_WARN__DUPLICATE_METHOD_MATCH = YES;
				COPY_PHASE_STRIP = NO;
				DEBUG_INFORMATION_FORMAT = "dwarf-with-dsym";
				ENABLE_NS_ASSERTIONS = NO;
				ENABLE_STRICT_OBJC_MSGSEND = YES;
				ENABLE_USER_SCRIPT_SANDBOXING = YES;
				GCC_C_LANGUAGE_STANDARD = gnu17;
				GCC_NO_COMMON_BLOCKS = YES;
				GCC_WARN_64_TO_32_BIT_CONVERSION = YES;
				GCC_WARN_ABOUT_RETURN_TYPE = YES_ERROR;
				GCC_WARN_UNDECLARED_SELECTOR = YES;
				GCC_WARN_UNINITIALIZED_AUTOS = YES_AGGRESSIVE;
				GCC_WARN_UNUSED_FUNCTION = YES;
				GCC_WARN_UNUSED_VARIABLE = YES;
				IPHONEOS_DEPLOYMENT_TARGET = 17.2;
				LOCALIZATION_PREFERS_STRING_CATALOGS = YES;
				MTL_ENABLE_DEBUG_INFO = NO;
				MTL_FAST_MATH = YES;
				SDKROOT = iphoneos;
				SWIFT_COMPILATION_MODE = wholemodule;
				VALIDATE_PRODUCT = YES;
			};
			name = Release;
		};
		2EE598B52BEF839200137744 /* Debug */ = {
			isa = XCBuildConfiguration;
			buildSettings = {
				ASSETCATALOG_COMPILER_APPICON_NAME = AppIcon;
				ASSETCATALOG_COMPILER_GLOBAL_ACCENT_COLOR_NAME = AccentColor;
				CODE_SIGN_STYLE = Automatic;
				CURRENT_PROJECT_VERSION = 1;
				GENERATE_INFOPLIST_FILE = YES;
				INFOPLIST_FILE = ChallengeiOS/Info.plist;
				INFOPLIST_KEY_UIApplicationSupportsIndirectInputEvents = YES;
				INFOPLIST_KEY_UILaunchStoryboardName = LaunchScreen;
				INFOPLIST_KEY_UIMainStoryboardFile = Main;
				INFOPLIST_KEY_UISupportedInterfaceOrientations_iPad = "UIInterfaceOrientationPortrait UIInterfaceOrientationPortraitUpsideDown UIInterfaceOrientationLandscapeLeft UIInterfaceOrientationLandscapeRight";
				INFOPLIST_KEY_UISupportedInterfaceOrientations_iPhone = "UIInterfaceOrientationPortrait UIInterfaceOrientationLandscapeLeft UIInterfaceOrientationLandscapeRight";
				LD_RUNPATH_SEARCH_PATHS = (
					"$(inherited)",
					"@executable_path/Frameworks",
				);
				MARKETING_VERSION = 1.0;
				PRODUCT_BUNDLE_IDENTIFIER = otomanimDev.ChallengeiOS;
				PRODUCT_NAME = "$(TARGET_NAME)";
				SWIFT_EMIT_LOC_STRINGS = YES;
				SWIFT_VERSION = 5.0;
				TARGETED_DEVICE_FAMILY = "1,2";
			};
			name = Debug;
		};
		2EE598B62BEF839200137744 /* Release */ = {
			isa = XCBuildConfiguration;
			buildSettings = {
				ASSETCATALOG_COMPILER_APPICON_NAME = AppIcon;
				ASSETCATALOG_COMPILER_GLOBAL_ACCENT_COLOR_NAME = AccentColor;
				CODE_SIGN_STYLE = Automatic;
				CURRENT_PROJECT_VERSION = 1;
				GENERATE_INFOPLIST_FILE = YES;
				INFOPLIST_FILE = ChallengeiOS/Info.plist;
				INFOPLIST_KEY_UIApplicationSupportsIndirectInputEvents = YES;
				INFOPLIST_KEY_UILaunchStoryboardName = LaunchScreen;
				INFOPLIST_KEY_UIMainStoryboardFile = Main;
				INFOPLIST_KEY_UISupportedInterfaceOrientations_iPad = "UIInterfaceOrientationPortrait UIInterfaceOrientationPortraitUpsideDown UIInterfaceOrientationLandscapeLeft UIInterfaceOrientationLandscapeRight";
				INFOPLIST_KEY_UISupportedInterfaceOrientations_iPhone = "UIInterfaceOrientationPortrait UIInterfaceOrientationLandscapeLeft UIInterfaceOrientationLandscapeRight";
				LD_RUNPATH_SEARCH_PATHS = (
					"$(inherited)",
					"@executable_path/Frameworks",
				);
				MARKETING_VERSION = 1.0;
				PRODUCT_BUNDLE_IDENTIFIER = otomanimDev.ChallengeiOS;
				PRODUCT_NAME = "$(TARGET_NAME)";
				SWIFT_EMIT_LOC_STRINGS = YES;
				SWIFT_VERSION = 5.0;
				TARGETED_DEVICE_FAMILY = "1,2";
			};
			name = Release;
		};
		2EE598B82BEF839200137744 /* Debug */ = {
			isa = XCBuildConfiguration;
			buildSettings = {
				ALWAYS_EMBED_SWIFT_STANDARD_LIBRARIES = YES;
				BUNDLE_LOADER = "$(TEST_HOST)";
				CODE_SIGN_STYLE = Automatic;
				CURRENT_PROJECT_VERSION = 1;
				GENERATE_INFOPLIST_FILE = YES;
				IPHONEOS_DEPLOYMENT_TARGET = 17.2;
				MARKETING_VERSION = 1.0;
				PRODUCT_BUNDLE_IDENTIFIER = otomanimDev.ChallengeiOSTests;
				PRODUCT_NAME = "$(TARGET_NAME)";
				SWIFT_EMIT_LOC_STRINGS = NO;
				SWIFT_VERSION = 5.0;
				TARGETED_DEVICE_FAMILY = "1,2";
				TEST_HOST = "$(BUILT_PRODUCTS_DIR)/ChallengeiOS.app/$(BUNDLE_EXECUTABLE_FOLDER_PATH)/ChallengeiOS";
			};
			name = Debug;
		};
		2EE598B92BEF839200137744 /* Release */ = {
			isa = XCBuildConfiguration;
			buildSettings = {
				ALWAYS_EMBED_SWIFT_STANDARD_LIBRARIES = YES;
				BUNDLE_LOADER = "$(TEST_HOST)";
				CODE_SIGN_STYLE = Automatic;
				CURRENT_PROJECT_VERSION = 1;
				GENERATE_INFOPLIST_FILE = YES;
				IPHONEOS_DEPLOYMENT_TARGET = 17.2;
				MARKETING_VERSION = 1.0;
				PRODUCT_BUNDLE_IDENTIFIER = otomanimDev.ChallengeiOSTests;
				PRODUCT_NAME = "$(TARGET_NAME)";
				SWIFT_EMIT_LOC_STRINGS = NO;
				SWIFT_VERSION = 5.0;
				TARGETED_DEVICE_FAMILY = "1,2";
				TEST_HOST = "$(BUILT_PRODUCTS_DIR)/ChallengeiOS.app/$(BUNDLE_EXECUTABLE_FOLDER_PATH)/ChallengeiOS";
			};
			name = Release;
		};
		2EE598BB2BEF839200137744 /* Debug */ = {
			isa = XCBuildConfiguration;
			buildSettings = {
				ALWAYS_EMBED_SWIFT_STANDARD_LIBRARIES = YES;
				CODE_SIGN_STYLE = Automatic;
				CURRENT_PROJECT_VERSION = 1;
				GENERATE_INFOPLIST_FILE = YES;
				MARKETING_VERSION = 1.0;
				PRODUCT_BUNDLE_IDENTIFIER = otomanimDev.ChallengeiOSUITests;
				PRODUCT_NAME = "$(TARGET_NAME)";
				SWIFT_EMIT_LOC_STRINGS = NO;
				SWIFT_VERSION = 5.0;
				TARGETED_DEVICE_FAMILY = "1,2";
				TEST_TARGET_NAME = ChallengeiOS;
			};
			name = Debug;
		};
		2EE598BC2BEF839200137744 /* Release */ = {
			isa = XCBuildConfiguration;
			buildSettings = {
				ALWAYS_EMBED_SWIFT_STANDARD_LIBRARIES = YES;
				CODE_SIGN_STYLE = Automatic;
				CURRENT_PROJECT_VERSION = 1;
				GENERATE_INFOPLIST_FILE = YES;
				MARKETING_VERSION = 1.0;
				PRODUCT_BUNDLE_IDENTIFIER = otomanimDev.ChallengeiOSUITests;
				PRODUCT_NAME = "$(TARGET_NAME)";
				SWIFT_EMIT_LOC_STRINGS = NO;
				SWIFT_VERSION = 5.0;
				TARGETED_DEVICE_FAMILY = "1,2";
				TEST_TARGET_NAME = ChallengeiOS;
			};
			name = Release;
		};
/* End XCBuildConfiguration section */

/* Begin XCConfigurationList section */
		2EE598852BEF838E00137744 /* Build configuration list for PBXProject "ChallengeiOS" */ = {
			isa = XCConfigurationList;
			buildConfigurations = (
				2EE598B22BEF839200137744 /* Debug */,
				2EE598B32BEF839200137744 /* Release */,
			);
			defaultConfigurationIsVisible = 0;
			defaultConfigurationName = Release;
		};
		2EE598B42BEF839200137744 /* Build configuration list for PBXNativeTarget "ChallengeiOS" */ = {
			isa = XCConfigurationList;
			buildConfigurations = (
				2EE598B52BEF839200137744 /* Debug */,
				2EE598B62BEF839200137744 /* Release */,
			);
			defaultConfigurationIsVisible = 0;
			defaultConfigurationName = Release;
		};
		2EE598B72BEF839200137744 /* Build configuration list for PBXNativeTarget "ChallengeiOSTests" */ = {
			isa = XCConfigurationList;
			buildConfigurations = (
				2EE598B82BEF839200137744 /* Debug */,
				2EE598B92BEF839200137744 /* Release */,
			);
			defaultConfigurationIsVisible = 0;
			defaultConfigurationName = Release;
		};
		2EE598BA2BEF839200137744 /* Build configuration list for PBXNativeTarget "ChallengeiOSUITests" */ = {
			isa = XCConfigurationList;
			buildConfigurations = (
				2EE598BB2BEF839200137744 /* Debug */,
				2EE598BC2BEF839200137744 /* Release */,
			);
			defaultConfigurationIsVisible = 0;
			defaultConfigurationName = Release;
		};
/* End XCConfigurationList section */
	};
	rootObject = 2EE598822BEF838E00137744 /* Project object */;
}
